// !$*UTF8*$!
{
	archiveVersion = 1;
	classes = {
	};
	objectVersion = 56;
	objects = {

/* Begin PBXBuildFile section */
		2AAA95E32A5D3FC8003F292D /* TimerView.swift in Sources */ = {isa = PBXBuildFile; fileRef = 2AAA95E22A5D3FC8003F292D /* TimerView.swift */; };
		2AAA95E52A5D3FFC003F292D /* ProgressView.swift in Sources */ = {isa = PBXBuildFile; fileRef = 2AAA95E42A5D3FFC003F292D /* ProgressView.swift */; };
		2AC545A52A59F7D0008B0F19 /* WAButton.swift in Sources */ = {isa = PBXBuildFile; fileRef = 2AC545A42A59F7D0008B0F19 /* WAButton.swift */; };
		2AD29FAA2A5BE18F0050C57F /* OverviewNavBar.swift in Sources */ = {isa = PBXBuildFile; fileRef = 2AD29FA92A5BE18F0050C57F /* OverviewNavBar.swift */; };
		2AD29FAC2A5BE1E70050C57F /* BaseView.swift in Sources */ = {isa = PBXBuildFile; fileRef = 2AD29FAB2A5BE1E70050C57F /* BaseView.swift */; };
		2AD29FAF2A5C36E20050C57F /* WeekView.swift in Sources */ = {isa = PBXBuildFile; fileRef = 2AD29FAE2A5C36E20050C57F /* WeekView.swift */; };
		2AD29FB12A5C38610050C57F /* WeekdayView.swift in Sources */ = {isa = PBXBuildFile; fileRef = 2AD29FB02A5C38610050C57F /* WeekdayView.swift */; };
		2AD29FB32A5C3BC40050C57F /* Date + ext.swift in Sources */ = {isa = PBXBuildFile; fileRef = 2AD29FB22A5C3BC40050C57F /* Date + ext.swift */; };
		2AD29FB62A5C45DF0050C57F /* WABaseInfoView.swift in Sources */ = {isa = PBXBuildFile; fileRef = 2AD29FB52A5C45DF0050C57F /* WABaseInfoView.swift */; };
		2AD36E602A59223100662FF5 /* AppDelegate.swift in Sources */ = {isa = PBXBuildFile; fileRef = 2AD36E5F2A59223100662FF5 /* AppDelegate.swift */; };
		2AD36E622A59223100662FF5 /* SceneDelegate.swift in Sources */ = {isa = PBXBuildFile; fileRef = 2AD36E612A59223100662FF5 /* SceneDelegate.swift */; };
		2AD36E642A59223100662FF5 /* OverviewController.swift in Sources */ = {isa = PBXBuildFile; fileRef = 2AD36E632A59223100662FF5 /* OverviewController.swift */; };
		2AD36E692A59223200662FF5 /* Assets.xcassets in Resources */ = {isa = PBXBuildFile; fileRef = 2AD36E682A59223200662FF5 /* Assets.xcassets */; };
		2AD36E6C2A59223200662FF5 /* LaunchScreen.storyboard in Resources */ = {isa = PBXBuildFile; fileRef = 2AD36E6A2A59223200662FF5 /* LaunchScreen.storyboard */; };
		2AD36E762A59257400662FF5 /* TabBarController.swift in Sources */ = {isa = PBXBuildFile; fileRef = 2AD36E752A59257400662FF5 /* TabBarController.swift */; };
		2AD36E792A59268A00662FF5 /* UIColor + ext.swift in Sources */ = {isa = PBXBuildFile; fileRef = 2AD36E782A59268A00662FF5 /* UIColor + ext.swift */; };
		2AD36E7C2A59271500662FF5 /* Resources.swift in Sources */ = {isa = PBXBuildFile; fileRef = 2AD36E7B2A59271500662FF5 /* Resources.swift */; };
		2AD36E7F2A593AFD00662FF5 /* NavBarController.swift in Sources */ = {isa = PBXBuildFile; fileRef = 2AD36E7E2A593AFD00662FF5 /* NavBarController.swift */; };
		2AD36E842A5940FB00662FF5 /* WABaseController.swift in Sources */ = {isa = PBXBuildFile; fileRef = 2AD36E832A5940FB00662FF5 /* WABaseController.swift */; };
		2AD36E862A595DA900662FF5 /* UIView + ext.swift in Sources */ = {isa = PBXBuildFile; fileRef = 2AD36E852A595DA900662FF5 /* UIView + ext.swift */; };
		2AD36E8D2A595F4800662FF5 /* SessionController.swift in Sources */ = {isa = PBXBuildFile; fileRef = 2AD36E8C2A595F4800662FF5 /* SessionController.swift */; };
		2AD36E8F2A595F8400662FF5 /* ProgressController.swift in Sources */ = {isa = PBXBuildFile; fileRef = 2AD36E8E2A595F8400662FF5 /* ProgressController.swift */; };
		2AD36E912A595FB100662FF5 /* SettingsController.swift in Sources */ = {isa = PBXBuildFile; fileRef = 2AD36E902A595FB100662FF5 /* SettingsController.swift */; };
/* End PBXBuildFile section */

/* Begin PBXFileReference section */
		2AAA95E22A5D3FC8003F292D /* TimerView.swift */ = {isa = PBXFileReference; lastKnownFileType = sourcecode.swift; path = TimerView.swift; sourceTree = "<group>"; };
		2AAA95E42A5D3FFC003F292D /* ProgressView.swift */ = {isa = PBXFileReference; lastKnownFileType = sourcecode.swift; path = ProgressView.swift; sourceTree = "<group>"; };
		2AC545A42A59F7D0008B0F19 /* WAButton.swift */ = {isa = PBXFileReference; lastKnownFileType = sourcecode.swift; path = WAButton.swift; sourceTree = "<group>"; };
		2AD29FA92A5BE18F0050C57F /* OverviewNavBar.swift */ = {isa = PBXFileReference; lastKnownFileType = sourcecode.swift; path = OverviewNavBar.swift; sourceTree = "<group>"; };
		2AD29FAB2A5BE1E70050C57F /* BaseView.swift */ = {isa = PBXFileReference; lastKnownFileType = sourcecode.swift; path = BaseView.swift; sourceTree = "<group>"; };
		2AD29FAE2A5C36E20050C57F /* WeekView.swift */ = {isa = PBXFileReference; lastKnownFileType = sourcecode.swift; path = WeekView.swift; sourceTree = "<group>"; };
		2AD29FB02A5C38610050C57F /* WeekdayView.swift */ = {isa = PBXFileReference; lastKnownFileType = sourcecode.swift; path = WeekdayView.swift; sourceTree = "<group>"; };
		2AD29FB22A5C3BC40050C57F /* Date + ext.swift */ = {isa = PBXFileReference; lastKnownFileType = sourcecode.swift; path = "Date + ext.swift"; sourceTree = "<group>"; };
		2AD29FB52A5C45DF0050C57F /* WABaseInfoView.swift */ = {isa = PBXFileReference; lastKnownFileType = sourcecode.swift; path = WABaseInfoView.swift; sourceTree = "<group>"; };
		2AD36E5C2A59223100662FF5 /* WorkoutApp.app */ = {isa = PBXFileReference; explicitFileType = wrapper.application; includeInIndex = 0; path = WorkoutApp.app; sourceTree = BUILT_PRODUCTS_DIR; };
		2AD36E5F2A59223100662FF5 /* AppDelegate.swift */ = {isa = PBXFileReference; lastKnownFileType = sourcecode.swift; path = AppDelegate.swift; sourceTree = "<group>"; };
		2AD36E612A59223100662FF5 /* SceneDelegate.swift */ = {isa = PBXFileReference; lastKnownFileType = sourcecode.swift; path = SceneDelegate.swift; sourceTree = "<group>"; };
		2AD36E632A59223100662FF5 /* OverviewController.swift */ = {isa = PBXFileReference; lastKnownFileType = sourcecode.swift; path = OverviewController.swift; sourceTree = "<group>"; };
		2AD36E682A59223200662FF5 /* Assets.xcassets */ = {isa = PBXFileReference; lastKnownFileType = folder.assetcatalog; path = Assets.xcassets; sourceTree = "<group>"; };
		2AD36E6B2A59223200662FF5 /* Base */ = {isa = PBXFileReference; lastKnownFileType = file.storyboard; name = Base; path = Base.lproj/LaunchScreen.storyboard; sourceTree = "<group>"; };
		2AD36E6D2A59223200662FF5 /* Info.plist */ = {isa = PBXFileReference; lastKnownFileType = text.plist.xml; path = Info.plist; sourceTree = "<group>"; };
		2AD36E752A59257400662FF5 /* TabBarController.swift */ = {isa = PBXFileReference; lastKnownFileType = sourcecode.swift; path = TabBarController.swift; sourceTree = "<group>"; };
		2AD36E782A59268A00662FF5 /* UIColor + ext.swift */ = {isa = PBXFileReference; lastKnownFileType = sourcecode.swift; path = "UIColor + ext.swift"; sourceTree = "<group>"; };
		2AD36E7B2A59271500662FF5 /* Resources.swift */ = {isa = PBXFileReference; lastKnownFileType = sourcecode.swift; path = Resources.swift; sourceTree = "<group>"; };
		2AD36E7E2A593AFD00662FF5 /* NavBarController.swift */ = {isa = PBXFileReference; lastKnownFileType = sourcecode.swift; path = NavBarController.swift; sourceTree = "<group>"; };
		2AD36E832A5940FB00662FF5 /* WABaseController.swift */ = {isa = PBXFileReference; lastKnownFileType = sourcecode.swift; path = WABaseController.swift; sourceTree = "<group>"; };
		2AD36E852A595DA900662FF5 /* UIView + ext.swift */ = {isa = PBXFileReference; lastKnownFileType = sourcecode.swift; path = "UIView + ext.swift"; sourceTree = "<group>"; };
		2AD36E8C2A595F4800662FF5 /* SessionController.swift */ = {isa = PBXFileReference; lastKnownFileType = sourcecode.swift; path = SessionController.swift; sourceTree = "<group>"; };
		2AD36E8E2A595F8400662FF5 /* ProgressController.swift */ = {isa = PBXFileReference; lastKnownFileType = sourcecode.swift; path = ProgressController.swift; sourceTree = "<group>"; };
		2AD36E902A595FB100662FF5 /* SettingsController.swift */ = {isa = PBXFileReference; lastKnownFileType = sourcecode.swift; path = SettingsController.swift; sourceTree = "<group>"; };
/* End PBXFileReference section */

/* Begin PBXFrameworksBuildPhase section */
		2AD36E592A59223100662FF5 /* Frameworks */ = {
			isa = PBXFrameworksBuildPhase;
			buildActionMask = 2147483647;
			files = (
			);
			runOnlyForDeploymentPostprocessing = 0;
		};
/* End PBXFrameworksBuildPhase section */

/* Begin PBXGroup section */
		2A83AF482A5EDA1A00DF97CF /* Navigation */ = {
			isa = PBXGroup;
			children = (
				2AD36E7E2A593AFD00662FF5 /* NavBarController.swift */,
				2AD36E752A59257400662FF5 /* TabBarController.swift */,
			);
			path = Navigation;
			sourceTree = "<group>";
		};
		2AC545A32A59F7A4008B0F19 /* Views */ = {
			isa = PBXGroup;
			children = (
				2AD29FAD2A5C36CE0050C57F /* WeekView */,
				2AD29FA92A5BE18F0050C57F /* OverviewNavBar.swift */,
			);
			path = Views;
			sourceTree = "<group>";
		};
		2AD29FAD2A5C36CE0050C57F /* WeekView */ = {
			isa = PBXGroup;
			children = (
				2AD29FAE2A5C36E20050C57F /* WeekView.swift */,
				2AD29FB02A5C38610050C57F /* WeekdayView.swift */,
			);
			path = WeekView;
			sourceTree = "<group>";
		};
		2AD29FB42A5C45C30050C57F /* Views */ = {
			isa = PBXGroup;
			children = (
				2AD29FAB2A5BE1E70050C57F /* BaseView.swift */,
				2AD29FB52A5C45DF0050C57F /* WABaseInfoView.swift */,
			);
			path = Views;
			sourceTree = "<group>";
		};
		2AD36E532A59223100662FF5 = {
			isa = PBXGroup;
			children = (
				2AD36E5E2A59223100662FF5 /* WorkoutApp */,
				2AD36E5D2A59223100662FF5 /* Products */,
			);
			sourceTree = "<group>";
		};
		2AD36E5D2A59223100662FF5 /* Products */ = {
			isa = PBXGroup;
			children = (
				2AD36E5C2A59223100662FF5 /* WorkoutApp.app */,
			);
			name = Products;
			sourceTree = "<group>";
		};
		2AD36E5E2A59223100662FF5 /* WorkoutApp */ = {
			isa = PBXGroup;
			children = (
				2AD36E732A59235300662FF5 /* Application */,
				2AD36E802A5940BD00662FF5 /* Controllers */,
				2AD36E772A59267200662FF5 /* Helpers */,
				2AD36E742A59238F00662FF5 /* SupportingFiles */,
			);
			path = WorkoutApp;
			sourceTree = "<group>";
		};
		2AD36E732A59235300662FF5 /* Application */ = {
			isa = PBXGroup;
			children = (
				2AD36E5F2A59223100662FF5 /* AppDelegate.swift */,
				2AD36E612A59223100662FF5 /* SceneDelegate.swift */,
			);
			path = Application;
			sourceTree = "<group>";
		};
		2AD36E742A59238F00662FF5 /* SupportingFiles */ = {
			isa = PBXGroup;
			children = (
				2AD36E6D2A59223200662FF5 /* Info.plist */,
				2AD36E682A59223200662FF5 /* Assets.xcassets */,
				2AD36E6A2A59223200662FF5 /* LaunchScreen.storyboard */,
			);
			path = SupportingFiles;
			sourceTree = "<group>";
		};
		2AD36E772A59267200662FF5 /* Helpers */ = {
			isa = PBXGroup;
			children = (
				2AD36E7B2A59271500662FF5 /* Resources.swift */,
				2AD36E7A2A59269700662FF5 /* Extensions */,
			);
			path = Helpers;
			sourceTree = "<group>";
		};
		2AD36E7A2A59269700662FF5 /* Extensions */ = {
			isa = PBXGroup;
			children = (
				2AD29FB22A5C3BC40050C57F /* Date + ext.swift */,
				2AD36E782A59268A00662FF5 /* UIColor + ext.swift */,
				2AD36E852A595DA900662FF5 /* UIView + ext.swift */,
			);
			path = Extensions;
			sourceTree = "<group>";
		};
		2AD36E802A5940BD00662FF5 /* Controllers */ = {
			isa = PBXGroup;
			children = (
				2AD36E872A595EE600662FF5 /* Base */,
				2A83AF482A5EDA1A00DF97CF /* Navigation */,
				2AD36E882A595F0000662FF5 /* Overview */,
				2AD36E8A2A595F1500662FF5 /* Progress */,
				2AD36E892A595F0E00662FF5 /* Session */,
				2AD36E8B2A595F1E00662FF5 /* Settings */,
			);
			path = Controllers;
			sourceTree = "<group>";
		};
		2AD36E872A595EE600662FF5 /* Base */ = {
			isa = PBXGroup;
			children = (
				2AD36E832A5940FB00662FF5 /* WABaseController.swift */,
				2AC545A42A59F7D0008B0F19 /* WAButton.swift */,
				2AD29FB42A5C45C30050C57F /* Views */,
			);
			path = Base;
			sourceTree = "<group>";
		};
		2AD36E882A595F0000662FF5 /* Overview */ = {
			isa = PBXGroup;
			children = (
				2AC545A32A59F7A4008B0F19 /* Views */,
				2AD36E632A59223100662FF5 /* OverviewController.swift */,
			);
			path = Overview;
			sourceTree = "<group>";
		};
		2AD36E892A595F0E00662FF5 /* Session */ = {
			isa = PBXGroup;
			children = (
				2AF52B922A5D3AF4008D8045 /* Views */,
				2AD36E8C2A595F4800662FF5 /* SessionController.swift */,
			);
			path = Session;
			sourceTree = "<group>";
		};
		2AD36E8A2A595F1500662FF5 /* Progress */ = {
			isa = PBXGroup;
			children = (
				2AD36E8E2A595F8400662FF5 /* ProgressController.swift */,
			);
			path = Progress;
			sourceTree = "<group>";
		};
		2AD36E8B2A595F1E00662FF5 /* Settings */ = {
			isa = PBXGroup;
			children = (
				2AD36E902A595FB100662FF5 /* SettingsController.swift */,
			);
			path = Settings;
			sourceTree = "<group>";
		};
		2AF52B922A5D3AF4008D8045 /* Views */ = {
			isa = PBXGroup;
			children = (
				2AF52B952A5D3B83008D8045 /* Timer */,
			);
			path = Views;
			sourceTree = "<group>";
		};
		2AF52B952A5D3B83008D8045 /* Timer */ = {
			isa = PBXGroup;
			children = (
				2AAA95E42A5D3FFC003F292D /* ProgressView.swift */,
				2AAA95E22A5D3FC8003F292D /* TimerView.swift */,
			);
			path = Timer;
			sourceTree = "<group>";
		};
/* End PBXGroup section */

/* Begin PBXNativeTarget section */
		2AD36E5B2A59223100662FF5 /* WorkoutApp */ = {
			isa = PBXNativeTarget;
			buildConfigurationList = 2AD36E702A59223200662FF5 /* Build configuration list for PBXNativeTarget "WorkoutApp" */;
			buildPhases = (
				2AD36E582A59223100662FF5 /* Sources */,
				2AD36E592A59223100662FF5 /* Frameworks */,
				2AD36E5A2A59223100662FF5 /* Resources */,
			);
			buildRules = (
			);
			dependencies = (
			);
			name = WorkoutApp;
			productName = WorkoutApp;
			productReference = 2AD36E5C2A59223100662FF5 /* WorkoutApp.app */;
			productType = "com.apple.product-type.application";
		};
/* End PBXNativeTarget section */

/* Begin PBXProject section */
		2AD36E542A59223100662FF5 /* Project object */ = {
			isa = PBXProject;
			attributes = {
				BuildIndependentTargetsInParallel = 1;
				LastSwiftUpdateCheck = 1430;
				LastUpgradeCheck = 1430;
				TargetAttributes = {
					2AD36E5B2A59223100662FF5 = {
						CreatedOnToolsVersion = 14.3.1;
					};
				};
			};
			buildConfigurationList = 2AD36E572A59223100662FF5 /* Build configuration list for PBXProject "WorkoutApp" */;
			compatibilityVersion = "Xcode 14.0";
			developmentRegion = en;
			hasScannedForEncodings = 0;
			knownRegions = (
				en,
				Base,
			);
			mainGroup = 2AD36E532A59223100662FF5;
			productRefGroup = 2AD36E5D2A59223100662FF5 /* Products */;
			projectDirPath = "";
			projectRoot = "";
			targets = (
				2AD36E5B2A59223100662FF5 /* WorkoutApp */,
			);
		};
/* End PBXProject section */

/* Begin PBXResourcesBuildPhase section */
		2AD36E5A2A59223100662FF5 /* Resources */ = {
			isa = PBXResourcesBuildPhase;
			buildActionMask = 2147483647;
			files = (
				2AD36E6C2A59223200662FF5 /* LaunchScreen.storyboard in Resources */,
				2AD36E692A59223200662FF5 /* Assets.xcassets in Resources */,
			);
			runOnlyForDeploymentPostprocessing = 0;
		};
/* End PBXResourcesBuildPhase section */

/* Begin PBXSourcesBuildPhase section */
		2AD36E582A59223100662FF5 /* Sources */ = {
			isa = PBXSourcesBuildPhase;
			buildActionMask = 2147483647;
			files = (
				2AD29FAF2A5C36E20050C57F /* WeekView.swift in Sources */,
				2AD29FB32A5C3BC40050C57F /* Date + ext.swift in Sources */,
				2AD36E912A595FB100662FF5 /* SettingsController.swift in Sources */,
				2AD36E642A59223100662FF5 /* OverviewController.swift in Sources */,
				2AD29FAA2A5BE18F0050C57F /* OverviewNavBar.swift in Sources */,
				2AD36E862A595DA900662FF5 /* UIView + ext.swift in Sources */,
				2AD36E762A59257400662FF5 /* TabBarController.swift in Sources */,
				2AD36E602A59223100662FF5 /* AppDelegate.swift in Sources */,
				2AD36E8D2A595F4800662FF5 /* SessionController.swift in Sources */,
				2AD29FB62A5C45DF0050C57F /* WABaseInfoView.swift in Sources */,
				2AAA95E32A5D3FC8003F292D /* TimerView.swift in Sources */,
				2AAA95E52A5D3FFC003F292D /* ProgressView.swift in Sources */,
				2AC545A52A59F7D0008B0F19 /* WAButton.swift in Sources */,
				2AD36E8F2A595F8400662FF5 /* ProgressController.swift in Sources */,
				2AD36E7F2A593AFD00662FF5 /* NavBarController.swift in Sources */,
				2AD36E7C2A59271500662FF5 /* Resources.swift in Sources */,
				2AD36E792A59268A00662FF5 /* UIColor + ext.swift in Sources */,
				2AD29FAC2A5BE1E70050C57F /* BaseView.swift in Sources */,
				2AD29FB12A5C38610050C57F /* WeekdayView.swift in Sources */,
				2AD36E842A5940FB00662FF5 /* WABaseController.swift in Sources */,
				2AD36E622A59223100662FF5 /* SceneDelegate.swift in Sources */,
			);
			runOnlyForDeploymentPostprocessing = 0;
		};
/* End PBXSourcesBuildPhase section */

/* Begin PBXVariantGroup section */
		2AD36E6A2A59223200662FF5 /* LaunchScreen.storyboard */ = {
			isa = PBXVariantGroup;
			children = (
				2AD36E6B2A59223200662FF5 /* Base */,
			);
			name = LaunchScreen.storyboard;
			sourceTree = "<group>";
		};
/* End PBXVariantGroup section */

/* Begin XCBuildConfiguration section */
		2AD36E6E2A59223200662FF5 /* Debug */ = {
			isa = XCBuildConfiguration;
			buildSettings = {
				ALWAYS_SEARCH_USER_PATHS = NO;
				CLANG_ANALYZER_NONNULL = YES;
				CLANG_ANALYZER_NUMBER_OBJECT_CONVERSION = YES_AGGRESSIVE;
				CLANG_CXX_LANGUAGE_STANDARD = "gnu++20";
				CLANG_ENABLE_MODULES = YES;
				CLANG_ENABLE_OBJC_ARC = YES;
				CLANG_ENABLE_OBJC_WEAK = YES;
				CLANG_WARN_BLOCK_CAPTURE_AUTORELEASING = YES;
				CLANG_WARN_BOOL_CONVERSION = YES;
				CLANG_WARN_COMMA = YES;
				CLANG_WARN_CONSTANT_CONVERSION = YES;
				CLANG_WARN_DEPRECATED_OBJC_IMPLEMENTATIONS = YES;
				CLANG_WARN_DIRECT_OBJC_ISA_USAGE = YES_ERROR;
				CLANG_WARN_DOCUMENTATION_COMMENTS = YES;
				CLANG_WARN_EMPTY_BODY = YES;
				CLANG_WARN_ENUM_CONVERSION = YES;
				CLANG_WARN_INFINITE_RECURSION = YES;
				CLANG_WARN_INT_CONVERSION = YES;
				CLANG_WARN_NON_LITERAL_NULL_CONVERSION = YES;
				CLANG_WARN_OBJC_IMPLICIT_RETAIN_SELF = YES;
				CLANG_WARN_OBJC_LITERAL_CONVERSION = YES;
				CLANG_WARN_OBJC_ROOT_CLASS = YES_ERROR;
				CLANG_WARN_QUOTED_INCLUDE_IN_FRAMEWORK_HEADER = YES;
				CLANG_WARN_RANGE_LOOP_ANALYSIS = YES;
				CLANG_WARN_STRICT_PROTOTYPES = YES;
				CLANG_WARN_SUSPICIOUS_MOVE = YES;
				CLANG_WARN_UNGUARDED_AVAILABILITY = YES_AGGRESSIVE;
				CLANG_WARN_UNREACHABLE_CODE = YES;
				CLANG_WARN__DUPLICATE_METHOD_MATCH = YES;
				COPY_PHASE_STRIP = NO;
				DEBUG_INFORMATION_FORMAT = dwarf;
				ENABLE_STRICT_OBJC_MSGSEND = YES;
				ENABLE_TESTABILITY = YES;
				GCC_C_LANGUAGE_STANDARD = gnu11;
				GCC_DYNAMIC_NO_PIC = NO;
				GCC_NO_COMMON_BLOCKS = YES;
				GCC_OPTIMIZATION_LEVEL = 0;
				GCC_PREPROCESSOR_DEFINITIONS = (
					"DEBUG=1",
					"$(inherited)",
				);
				GCC_WARN_64_TO_32_BIT_CONVERSION = YES;
				GCC_WARN_ABOUT_RETURN_TYPE = YES_ERROR;
				GCC_WARN_UNDECLARED_SELECTOR = YES;
				GCC_WARN_UNINITIALIZED_AUTOS = YES_AGGRESSIVE;
				GCC_WARN_UNUSED_FUNCTION = YES;
				GCC_WARN_UNUSED_VARIABLE = YES;
				IPHONEOS_DEPLOYMENT_TARGET = 16.4;
				MTL_ENABLE_DEBUG_INFO = INCLUDE_SOURCE;
				MTL_FAST_MATH = YES;
				ONLY_ACTIVE_ARCH = YES;
				SDKROOT = iphoneos;
				SWIFT_ACTIVE_COMPILATION_CONDITIONS = DEBUG;
				SWIFT_OPTIMIZATION_LEVEL = "-Onone";
			};
			name = Debug;
		};
		2AD36E6F2A59223200662FF5 /* Release */ = {
			isa = XCBuildConfiguration;
			buildSettings = {
				ALWAYS_SEARCH_USER_PATHS = NO;
				CLANG_ANALYZER_NONNULL = YES;
				CLANG_ANALYZER_NUMBER_OBJECT_CONVERSION = YES_AGGRESSIVE;
				CLANG_CXX_LANGUAGE_STANDARD = "gnu++20";
				CLANG_ENABLE_MODULES = YES;
				CLANG_ENABLE_OBJC_ARC = YES;
				CLANG_ENABLE_OBJC_WEAK = YES;
				CLANG_WARN_BLOCK_CAPTURE_AUTORELEASING = YES;
				CLANG_WARN_BOOL_CONVERSION = YES;
				CLANG_WARN_COMMA = YES;
				CLANG_WARN_CONSTANT_CONVERSION = YES;
				CLANG_WARN_DEPRECATED_OBJC_IMPLEMENTATIONS = YES;
				CLANG_WARN_DIRECT_OBJC_ISA_USAGE = YES_ERROR;
				CLANG_WARN_DOCUMENTATION_COMMENTS = YES;
				CLANG_WARN_EMPTY_BODY = YES;
				CLANG_WARN_ENUM_CONVERSION = YES;
				CLANG_WARN_INFINITE_RECURSION = YES;
				CLANG_WARN_INT_CONVERSION = YES;
				CLANG_WARN_NON_LITERAL_NULL_CONVERSION = YES;
				CLANG_WARN_OBJC_IMPLICIT_RETAIN_SELF = YES;
				CLANG_WARN_OBJC_LITERAL_CONVERSION = YES;
				CLANG_WARN_OBJC_ROOT_CLASS = YES_ERROR;
				CLANG_WARN_QUOTED_INCLUDE_IN_FRAMEWORK_HEADER = YES;
				CLANG_WARN_RANGE_LOOP_ANALYSIS = YES;
				CLANG_WARN_STRICT_PROTOTYPES = YES;
				CLANG_WARN_SUSPICIOUS_MOVE = YES;
				CLANG_WARN_UNGUARDED_AVAILABILITY = YES_AGGRESSIVE;
				CLANG_WARN_UNREACHABLE_CODE = YES;
				CLANG_WARN__DUPLICATE_METHOD_MATCH = YES;
				COPY_PHASE_STRIP = NO;
				DEBUG_INFORMATION_FORMAT = "dwarf-with-dsym";
				ENABLE_NS_ASSERTIONS = NO;
				ENABLE_STRICT_OBJC_MSGSEND = YES;
				GCC_C_LANGUAGE_STANDARD = gnu11;
				GCC_NO_COMMON_BLOCKS = YES;
				GCC_WARN_64_TO_32_BIT_CONVERSION = YES;
				GCC_WARN_ABOUT_RETURN_TYPE = YES_ERROR;
				GCC_WARN_UNDECLARED_SELECTOR = YES;
				GCC_WARN_UNINITIALIZED_AUTOS = YES_AGGRESSIVE;
				GCC_WARN_UNUSED_FUNCTION = YES;
				GCC_WARN_UNUSED_VARIABLE = YES;
				IPHONEOS_DEPLOYMENT_TARGET = 16.4;
				MTL_ENABLE_DEBUG_INFO = NO;
				MTL_FAST_MATH = YES;
				SDKROOT = iphoneos;
				SWIFT_COMPILATION_MODE = wholemodule;
				SWIFT_OPTIMIZATION_LEVEL = "-O";
				VALIDATE_PRODUCT = YES;
			};
			name = Release;
		};
		2AD36E712A59223200662FF5 /* Debug */ = {
			isa = XCBuildConfiguration;
			buildSettings = {
				ASSETCATALOG_COMPILER_APPICON_NAME = AppIcon;
				ASSETCATALOG_COMPILER_GLOBAL_ACCENT_COLOR_NAME = AccentColor;
				CODE_SIGN_STYLE = Automatic;
				CURRENT_PROJECT_VERSION = 1;
				DEVELOPMENT_TEAM = H94WDCFCK6;
				GENERATE_INFOPLIST_FILE = YES;
				INFOPLIST_FILE = WorkoutApp/SupportingFiles/Info.plist;
				INFOPLIST_KEY_UIApplicationSupportsIndirectInputEvents = YES;
				INFOPLIST_KEY_UILaunchStoryboardName = LaunchScreen;
				INFOPLIST_KEY_UIMainStoryboardFile = "";
				INFOPLIST_KEY_UISupportedInterfaceOrientations = UIInterfaceOrientationPortrait;
				INFOPLIST_KEY_UISupportedInterfaceOrientations_iPad = "UIInterfaceOrientationLandscapeLeft UIInterfaceOrientationLandscapeRight UIInterfaceOrientationPortrait UIInterfaceOrientationPortraitUpsideDown";
				LD_RUNPATH_SEARCH_PATHS = (
					"$(inherited)",
					"@executable_path/Frameworks",
				);
				MARKETING_VERSION = 1.0;
				PRODUCT_BUNDLE_IDENTIFIER = com.alekseev.oleg.WorkoutApp;
				PRODUCT_NAME = "$(TARGET_NAME)";
				SUPPORTED_PLATFORMS = "iphoneos iphonesimulator";
				SUPPORTS_MACCATALYST = NO;
				SUPPORTS_MAC_DESIGNED_FOR_IPHONE_IPAD = NO;
				SWIFT_EMIT_LOC_STRINGS = YES;
				SWIFT_VERSION = 5.0;
				TARGETED_DEVICE_FAMILY = 1;
			};
			name = Debug;
		};
		2AD36E722A59223200662FF5 /* Release */ = {
			isa = XCBuildConfiguration;
			buildSettings = {
				ASSETCATALOG_COMPILER_APPICON_NAME = AppIcon;
				ASSETCATALOG_COMPILER_GLOBAL_ACCENT_COLOR_NAME = AccentColor;
				CODE_SIGN_STYLE = Automatic;
				CURRENT_PROJECT_VERSION = 1;
				DEVELOPMENT_TEAM = H94WDCFCK6;
				GENERATE_INFOPLIST_FILE = YES;
				INFOPLIST_FILE = WorkoutApp/SupportingFiles/Info.plist;
				INFOPLIST_KEY_UIApplicationSupportsIndirectInputEvents = YES;
				INFOPLIST_KEY_UILaunchStoryboardName = LaunchScreen;
				INFOPLIST_KEY_UIMainStoryboardFile = "";
				INFOPLIST_KEY_UISupportedInterfaceOrientations = UIInterfaceOrientationPortrait;
				INFOPLIST_KEY_UISupportedInterfaceOrientations_iPad = "UIInterfaceOrientationLandscapeLeft UIInterfaceOrientationLandscapeRight UIInterfaceOrientationPortrait UIInterfaceOrientationPortraitUpsideDown";
				LD_RUNPATH_SEARCH_PATHS = (
					"$(inherited)",
					"@executable_path/Frameworks",
				);
				MARKETING_VERSION = 1.0;
				PRODUCT_BUNDLE_IDENTIFIER = com.alekseev.oleg.WorkoutApp;
				PRODUCT_NAME = "$(TARGET_NAME)";
				SUPPORTED_PLATFORMS = "iphoneos iphonesimulator";
				SUPPORTS_MACCATALYST = NO;
				SUPPORTS_MAC_DESIGNED_FOR_IPHONE_IPAD = NO;
				SWIFT_EMIT_LOC_STRINGS = YES;
				SWIFT_VERSION = 5.0;
				TARGETED_DEVICE_FAMILY = 1;
			};
			name = Release;
		};
/* End XCBuildConfiguration section */

/* Begin XCConfigurationList section */
		2AD36E572A59223100662FF5 /* Build configuration list for PBXProject "WorkoutApp" */ = {
			isa = XCConfigurationList;
			buildConfigurations = (
				2AD36E6E2A59223200662FF5 /* Debug */,
				2AD36E6F2A59223200662FF5 /* Release */,
			);
			defaultConfigurationIsVisible = 0;
			defaultConfigurationName = Release;
		};
		2AD36E702A59223200662FF5 /* Build configuration list for PBXNativeTarget "WorkoutApp" */ = {
			isa = XCConfigurationList;
			buildConfigurations = (
				2AD36E712A59223200662FF5 /* Debug */,
				2AD36E722A59223200662FF5 /* Release */,
			);
			defaultConfigurationIsVisible = 0;
			defaultConfigurationName = Release;
		};
/* End XCConfigurationList section */
	};
	rootObject = 2AD36E542A59223100662FF5 /* Project object */;
}
